// !$*UTF8*$!
{
	archiveVersion = 1;
	classes = {
	};
	objectVersion = 55;
	objects = {

/* Begin PBXBuildFile section */
		7726D1662918C28200EFC325 /* UIView+glogGradient.swift in Sources */ = {isa = PBXBuildFile; fileRef = 7726D1652918C28200EFC325 /* UIView+glogGradient.swift */; };
		7726D1682918C4C800EFC325 /* UINavigation.swift in Sources */ = {isa = PBXBuildFile; fileRef = 7726D1672918C4C800EFC325 /* UINavigation.swift */; };
		772FF6AE29021C4B0043C187 /* IntroCoordinator.swift in Sources */ = {isa = PBXBuildFile; fileRef = 772FF6AD29021C4B0043C187 /* IntroCoordinator.swift */; };
		772FF6B129022A130043C187 /* BaseViewController.swift in Sources */ = {isa = PBXBuildFile; fileRef = 772FF6B029022A130043C187 /* BaseViewController.swift */; };
		772FF6B3290803760043C187 /* SignUpViewModel.swift in Sources */ = {isa = PBXBuildFile; fileRef = 772FF6B2290803760043C187 /* SignUpViewModel.swift */; };
		772FF6B52908038B0043C187 /* SignInViewModel.swift in Sources */ = {isa = PBXBuildFile; fileRef = 772FF6B42908038B0043C187 /* SignInViewModel.swift */; };
		7743A41428BE07260089B473 /* AppDelegate.swift in Sources */ = {isa = PBXBuildFile; fileRef = 7743A41328BE07260089B473 /* AppDelegate.swift */; };
		7743A41628BE07260089B473 /* SceneDelegate.swift in Sources */ = {isa = PBXBuildFile; fileRef = 7743A41528BE07260089B473 /* SceneDelegate.swift */; };
		7743A41828BE07260089B473 /* IntroViewController.swift in Sources */ = {isa = PBXBuildFile; fileRef = 7743A41728BE07260089B473 /* IntroViewController.swift */; };
		7743A41D28BE07280089B473 /* Assets.xcassets in Resources */ = {isa = PBXBuildFile; fileRef = 7743A41C28BE07280089B473 /* Assets.xcassets */; };
		7743A42028BE07280089B473 /* LaunchScreen.storyboard in Resources */ = {isa = PBXBuildFile; fileRef = 7743A41E28BE07280089B473 /* LaunchScreen.storyboard */; };
		7756F2D328FFEBB500F22B4C /* Coordinator.swift in Sources */ = {isa = PBXBuildFile; fileRef = 7756F2D228FFEBB400F22B4C /* Coordinator.swift */; };
		7756F2DB2900E88B00F22B4C /* RxCocoa in Frameworks */ = {isa = PBXBuildFile; productRef = 7756F2DA2900E88B00F22B4C /* RxCocoa */; };
		7756F2DD2900E88B00F22B4C /* RxSwift in Frameworks */ = {isa = PBXBuildFile; productRef = 7756F2DC2900E88B00F22B4C /* RxSwift */; };
		7756F2E22901354500F22B4C /* SignInViewController.swift in Sources */ = {isa = PBXBuildFile; fileRef = 7756F2E12901354500F22B4C /* SignInViewController.swift */; };
		7756F2F02902178E00F22B4C /* SignUpViewController.swift in Sources */ = {isa = PBXBuildFile; fileRef = 7756F2EF2902178E00F22B4C /* SignUpViewController.swift */; };
		779AC88C28E8E6EE006C4ACE /* SnapKit in Frameworks */ = {isa = PBXBuildFile; productRef = 779AC88B28E8E6EE006C4ACE /* SnapKit */; };
		779AC88F28E8E6FB006C4ACE /* Then in Frameworks */ = {isa = PBXBuildFile; productRef = 779AC88E28E8E6FB006C4ACE /* Then */; };
		779AC89228E8E764006C4ACE /* Moya in Frameworks */ = {isa = PBXBuildFile; productRef = 779AC89128E8E764006C4ACE /* Moya */; };
		779AC89428E959DD006C4ACE /* IntroViewModel.swift in Sources */ = {isa = PBXBuildFile; fileRef = 779AC89328E959DC006C4ACE /* IntroViewModel.swift */; };
		779AC8B328E976AE006C4ACE /* Pretendard-Bold.ttf in Resources */ = {isa = PBXBuildFile; fileRef = 779AC8B028E96038006C4ACE /* Pretendard-Bold.ttf */; };
		779AC8B428E976B1006C4ACE /* Pretendard-Black.ttf in Resources */ = {isa = PBXBuildFile; fileRef = 779AC8AC28E96038006C4ACE /* Pretendard-Black.ttf */; };
		779AC8B528E976B5006C4ACE /* Pretendard-ExtraBold.ttf in Resources */ = {isa = PBXBuildFile; fileRef = 779AC8A828E96037006C4ACE /* Pretendard-ExtraBold.ttf */; };
		779AC8B628E976B8006C4ACE /* Pretendard-ExtraLight.ttf in Resources */ = {isa = PBXBuildFile; fileRef = 779AC8AF28E96038006C4ACE /* Pretendard-ExtraLight.ttf */; };
		779AC8B728E976BA006C4ACE /* Pretendard-Light.ttf in Resources */ = {isa = PBXBuildFile; fileRef = 779AC8AB28E96038006C4ACE /* Pretendard-Light.ttf */; };
		779AC8B828E976BD006C4ACE /* Pretendard-Medium.ttf in Resources */ = {isa = PBXBuildFile; fileRef = 779AC8AE28E96038006C4ACE /* Pretendard-Medium.ttf */; };
		779AC8B928E976BF006C4ACE /* Pretendard-Regular.ttf in Resources */ = {isa = PBXBuildFile; fileRef = 779AC8A928E96038006C4ACE /* Pretendard-Regular.ttf */; };
		779AC8BA28E976C2006C4ACE /* Pretendard-SemiBold.ttf in Resources */ = {isa = PBXBuildFile; fileRef = 779AC8AD28E96038006C4ACE /* Pretendard-SemiBold.ttf */; };
		779AC8BB28E976C4006C4ACE /* Pretendard-Thin.ttf in Resources */ = {isa = PBXBuildFile; fileRef = 779AC8AA28E96038006C4ACE /* Pretendard-Thin.ttf */; };
		77F072372918F1CD007FE1DD /* GlogColor.swift in Sources */ = {isa = PBXBuildFile; fileRef = 77F072362918F1CD007FE1DD /* GlogColor.swift */; };
		77F072392918F22F007FE1DD /* PageUI.swift in Sources */ = {isa = PBXBuildFile; fileRef = 77F072382918F22F007FE1DD /* PageUI.swift */; };
		77F0723D2918F67C007FE1DD /* Lottie in Frameworks */ = {isa = PBXBuildFile; productRef = 77F0723C2918F67C007FE1DD /* Lottie */; };
		77F0723F29191EC0007FE1DD /* SignUpEmoji.json in Resources */ = {isa = PBXBuildFile; fileRef = 77F0723E29191EC0007FE1DD /* SignUpEmoji.json */; };
		77F0724429192537007FE1DD /* SignUpPWViewController.swift in Sources */ = {isa = PBXBuildFile; fileRef = 77F0724329192537007FE1DD /* SignUpPWViewController.swift */; };
		77F0724629192547007FE1DD /* SignUpPWViewModel.swift in Sources */ = {isa = PBXBuildFile; fileRef = 77F0724529192547007FE1DD /* SignUpPWViewModel.swift */; };
		77F0724E291925EC007FE1DD /* SignUpNicknameViewController.swift in Sources */ = {isa = PBXBuildFile; fileRef = 77F0724D291925EC007FE1DD /* SignUpNicknameViewController.swift */; };
		77F07250291925F9007FE1DD /* SignUpNicknameViewModel.swift in Sources */ = {isa = PBXBuildFile; fileRef = 77F0724F291925F9007FE1DD /* SignUpNicknameViewModel.swift */; };
		77F13A87290F6F7900F7354A /* ViewModelProtocol.swift in Sources */ = {isa = PBXBuildFile; fileRef = 77F13A86290F6F7900F7354A /* ViewModelProtocol.swift */; };
		77F59A0A290A841A0096FA36 /* BaseViewModel.swift in Sources */ = {isa = PBXBuildFile; fileRef = 77F59A09290A841A0096FA36 /* BaseViewModel.swift */; };
/* End PBXBuildFile section */

/* Begin PBXFileReference section */
		7726D1652918C28200EFC325 /* UIView+glogGradient.swift */ = {isa = PBXFileReference; lastKnownFileType = sourcecode.swift; path = "UIView+glogGradient.swift"; sourceTree = "<group>"; };
		7726D1672918C4C800EFC325 /* UINavigation.swift */ = {isa = PBXFileReference; lastKnownFileType = sourcecode.swift; path = UINavigation.swift; sourceTree = "<group>"; };
		772FF6AD29021C4B0043C187 /* IntroCoordinator.swift */ = {isa = PBXFileReference; lastKnownFileType = sourcecode.swift; path = IntroCoordinator.swift; sourceTree = "<group>"; };
		772FF6B029022A130043C187 /* BaseViewController.swift */ = {isa = PBXFileReference; lastKnownFileType = sourcecode.swift; path = BaseViewController.swift; sourceTree = "<group>"; };
		772FF6B2290803760043C187 /* SignUpViewModel.swift */ = {isa = PBXFileReference; lastKnownFileType = sourcecode.swift; path = SignUpViewModel.swift; sourceTree = "<group>"; };
		772FF6B42908038B0043C187 /* SignInViewModel.swift */ = {isa = PBXFileReference; lastKnownFileType = sourcecode.swift; path = SignInViewModel.swift; sourceTree = "<group>"; };
		7743A41028BE07260089B473 /* Paper.app */ = {isa = PBXFileReference; explicitFileType = wrapper.application; includeInIndex = 0; path = Paper.app; sourceTree = BUILT_PRODUCTS_DIR; };
		7743A41328BE07260089B473 /* AppDelegate.swift */ = {isa = PBXFileReference; lastKnownFileType = sourcecode.swift; path = AppDelegate.swift; sourceTree = "<group>"; };
		7743A41528BE07260089B473 /* SceneDelegate.swift */ = {isa = PBXFileReference; lastKnownFileType = sourcecode.swift; path = SceneDelegate.swift; sourceTree = "<group>"; };
		7743A41728BE07260089B473 /* IntroViewController.swift */ = {isa = PBXFileReference; lastKnownFileType = sourcecode.swift; path = IntroViewController.swift; sourceTree = "<group>"; };
		7743A41C28BE07280089B473 /* Assets.xcassets */ = {isa = PBXFileReference; lastKnownFileType = folder.assetcatalog; path = Assets.xcassets; sourceTree = "<group>"; };
		7743A41F28BE07280089B473 /* Base */ = {isa = PBXFileReference; lastKnownFileType = file.storyboard; name = Base; path = Base.lproj/LaunchScreen.storyboard; sourceTree = "<group>"; };
		7743A42128BE07280089B473 /* Info.plist */ = {isa = PBXFileReference; lastKnownFileType = text.plist.xml; path = Info.plist; sourceTree = "<group>"; };
		7756F2D228FFEBB400F22B4C /* Coordinator.swift */ = {isa = PBXFileReference; lastKnownFileType = sourcecode.swift; path = Coordinator.swift; sourceTree = "<group>"; };
		7756F2E12901354500F22B4C /* SignInViewController.swift */ = {isa = PBXFileReference; lastKnownFileType = sourcecode.swift; path = SignInViewController.swift; sourceTree = "<group>"; };
		7756F2EF2902178E00F22B4C /* SignUpViewController.swift */ = {isa = PBXFileReference; lastKnownFileType = sourcecode.swift; path = SignUpViewController.swift; sourceTree = "<group>"; };
		779AC89328E959DC006C4ACE /* IntroViewModel.swift */ = {isa = PBXFileReference; lastKnownFileType = sourcecode.swift; path = IntroViewModel.swift; sourceTree = "<group>"; };
		779AC8A828E96037006C4ACE /* Pretendard-ExtraBold.ttf */ = {isa = PBXFileReference; lastKnownFileType = file; path = "Pretendard-ExtraBold.ttf"; sourceTree = "<group>"; };
		779AC8A928E96038006C4ACE /* Pretendard-Regular.ttf */ = {isa = PBXFileReference; lastKnownFileType = file; path = "Pretendard-Regular.ttf"; sourceTree = "<group>"; };
		779AC8AA28E96038006C4ACE /* Pretendard-Thin.ttf */ = {isa = PBXFileReference; lastKnownFileType = file; path = "Pretendard-Thin.ttf"; sourceTree = "<group>"; };
		779AC8AB28E96038006C4ACE /* Pretendard-Light.ttf */ = {isa = PBXFileReference; lastKnownFileType = file; path = "Pretendard-Light.ttf"; sourceTree = "<group>"; };
		779AC8AC28E96038006C4ACE /* Pretendard-Black.ttf */ = {isa = PBXFileReference; lastKnownFileType = file; path = "Pretendard-Black.ttf"; sourceTree = "<group>"; };
		779AC8AD28E96038006C4ACE /* Pretendard-SemiBold.ttf */ = {isa = PBXFileReference; lastKnownFileType = file; path = "Pretendard-SemiBold.ttf"; sourceTree = "<group>"; };
		779AC8AE28E96038006C4ACE /* Pretendard-Medium.ttf */ = {isa = PBXFileReference; lastKnownFileType = file; path = "Pretendard-Medium.ttf"; sourceTree = "<group>"; };
		779AC8AF28E96038006C4ACE /* Pretendard-ExtraLight.ttf */ = {isa = PBXFileReference; lastKnownFileType = file; path = "Pretendard-ExtraLight.ttf"; sourceTree = "<group>"; };
		779AC8B028E96038006C4ACE /* Pretendard-Bold.ttf */ = {isa = PBXFileReference; lastKnownFileType = file; path = "Pretendard-Bold.ttf"; sourceTree = "<group>"; };
		77F072362918F1CD007FE1DD /* GlogColor.swift */ = {isa = PBXFileReference; lastKnownFileType = sourcecode.swift; path = GlogColor.swift; sourceTree = "<group>"; };
		77F072382918F22F007FE1DD /* PageUI.swift */ = {isa = PBXFileReference; lastKnownFileType = sourcecode.swift; path = PageUI.swift; sourceTree = "<group>"; };
		77F0723E29191EC0007FE1DD /* SignUpEmoji.json */ = {isa = PBXFileReference; fileEncoding = 4; lastKnownFileType = text.json; path = SignUpEmoji.json; sourceTree = "<group>"; };
		77F0724329192537007FE1DD /* SignUpPWViewController.swift */ = {isa = PBXFileReference; lastKnownFileType = sourcecode.swift; path = SignUpPWViewController.swift; sourceTree = "<group>"; };
		77F0724529192547007FE1DD /* SignUpPWViewModel.swift */ = {isa = PBXFileReference; lastKnownFileType = sourcecode.swift; path = SignUpPWViewModel.swift; sourceTree = "<group>"; };
		77F0724D291925EC007FE1DD /* SignUpNicknameViewController.swift */ = {isa = PBXFileReference; lastKnownFileType = sourcecode.swift; path = SignUpNicknameViewController.swift; sourceTree = "<group>"; };
		77F0724F291925F9007FE1DD /* SignUpNicknameViewModel.swift */ = {isa = PBXFileReference; lastKnownFileType = sourcecode.swift; path = SignUpNicknameViewModel.swift; sourceTree = "<group>"; };
		77F13A86290F6F7900F7354A /* ViewModelProtocol.swift */ = {isa = PBXFileReference; lastKnownFileType = sourcecode.swift; path = ViewModelProtocol.swift; sourceTree = "<group>"; };
		77F59A09290A841A0096FA36 /* BaseViewModel.swift */ = {isa = PBXFileReference; lastKnownFileType = sourcecode.swift; path = BaseViewModel.swift; sourceTree = "<group>"; };
/* End PBXFileReference section */

/* Begin PBXFrameworksBuildPhase section */
		7743A40D28BE07260089B473 /* Frameworks */ = {
			isa = PBXFrameworksBuildPhase;
			buildActionMask = 2147483647;
			files = (
				779AC88C28E8E6EE006C4ACE /* SnapKit in Frameworks */,
				779AC88F28E8E6FB006C4ACE /* Then in Frameworks */,
				7756F2DD2900E88B00F22B4C /* RxSwift in Frameworks */,
				7756F2DB2900E88B00F22B4C /* RxCocoa in Frameworks */,
				779AC89228E8E764006C4ACE /* Moya in Frameworks */,
				77F0723D2918F67C007FE1DD /* Lottie in Frameworks */,
			);
			runOnlyForDeploymentPostprocessing = 0;
		};
/* End PBXFrameworksBuildPhase section */

/* Begin PBXGroup section */
		7726D1632918C27000EFC325 /* Utils */ = {
			isa = PBXGroup;
			children = (
				7726D1642918C27400EFC325 /* Extensions */,
			);
			path = Utils;
			sourceTree = "<group>";
		};
		7726D1642918C27400EFC325 /* Extensions */ = {
			isa = PBXGroup;
			children = (
				7726D1652918C28200EFC325 /* UIView+glogGradient.swift */,
				7726D1672918C4C800EFC325 /* UINavigation.swift */,
				77F072362918F1CD007FE1DD /* GlogColor.swift */,
				77F072382918F22F007FE1DD /* PageUI.swift */,
			);
			path = Extensions;
			sourceTree = "<group>";
		};
		772FF6AF29022A040043C187 /* Base */ = {
			isa = PBXGroup;
			children = (
				772FF6B029022A130043C187 /* BaseViewController.swift */,
				77F59A09290A841A0096FA36 /* BaseViewModel.swift */,
			);
			path = Base;
			sourceTree = "<group>";
		};
		7743A40728BE07260089B473 = {
			isa = PBXGroup;
			children = (
				7743A41228BE07260089B473 /* Paper */,
				7743A41128BE07260089B473 /* Products */,
			);
			sourceTree = "<group>";
		};
		7743A41128BE07260089B473 /* Products */ = {
			isa = PBXGroup;
			children = (
				7743A41028BE07260089B473 /* Paper.app */,
			);
			name = Products;
			sourceTree = "<group>";
		};
		7743A41228BE07260089B473 /* Paper */ = {
			isa = PBXGroup;
			children = (
				77F0723E29191EC0007FE1DD /* SignUpEmoji.json */,
				7726D1632918C27000EFC325 /* Utils */,
				77F13A88290F9EC600F7354A /* Protocol */,
				7756F2EE2902176600F22B4C /* App */,
				7756F2D4290017F600F22B4C /* Coordinator */,
				779AC8A728E96029006C4ACE /* font */,
				7743A41328BE07260089B473 /* AppDelegate.swift */,
				7743A41528BE07260089B473 /* SceneDelegate.swift */,
				7743A41C28BE07280089B473 /* Assets.xcassets */,
				7743A41E28BE07280089B473 /* LaunchScreen.storyboard */,
				7743A42128BE07280089B473 /* Info.plist */,
			);
			path = Paper;
			sourceTree = "<group>";
		};
		7756F2D028FFCABD00F22B4C /* ViewModel */ = {
			isa = PBXGroup;
			children = (
				779AC89328E959DC006C4ACE /* IntroViewModel.swift */,
			);
			path = ViewModel;
			sourceTree = "<group>";
		};
		7756F2D128FFCACB00F22B4C /* View */ = {
			isa = PBXGroup;
			children = (
				7743A41728BE07260089B473 /* IntroViewController.swift */,
			);
			path = View;
			sourceTree = "<group>";
		};
		7756F2D4290017F600F22B4C /* Coordinator */ = {
			isa = PBXGroup;
			children = (
				7756F2E6290136F100F22B4C /* SignIn */,
				7756F2D82900CA5900F22B4C /* Intro */,
				7756F2D52900180000F22B4C /* Protocol */,
			);
			path = Coordinator;
			sourceTree = "<group>";
		};
		7756F2D52900180000F22B4C /* Protocol */ = {
			isa = PBXGroup;
			children = (
				7756F2D228FFEBB400F22B4C /* Coordinator.swift */,
			);
			path = Protocol;
			sourceTree = "<group>";
		};
		7756F2D82900CA5900F22B4C /* Intro */ = {
			isa = PBXGroup;
			children = (
				772FF6AD29021C4B0043C187 /* IntroCoordinator.swift */,
			);
			path = Intro;
			sourceTree = "<group>";
		};
		7756F2DE290134F200F22B4C /* Intro */ = {
			isa = PBXGroup;
			children = (
				7756F2D128FFCACB00F22B4C /* View */,
				7756F2D028FFCABD00F22B4C /* ViewModel */,
			);
			path = Intro;
			sourceTree = "<group>";
		};
		7756F2DF2901351700F22B4C /* SignIn */ = {
			isa = PBXGroup;
			children = (
				7756F2E32901357B00F22B4C /* ViewModel */,
				7756F2E02901351F00F22B4C /* View */,
			);
			path = SignIn;
			sourceTree = "<group>";
		};
		7756F2E02901351F00F22B4C /* View */ = {
			isa = PBXGroup;
			children = (
				7756F2E12901354500F22B4C /* SignInViewController.swift */,
			);
			path = View;
			sourceTree = "<group>";
		};
		7756F2E32901357B00F22B4C /* ViewModel */ = {
			isa = PBXGroup;
			children = (
				772FF6B42908038B0043C187 /* SignInViewModel.swift */,
			);
			path = ViewModel;
			sourceTree = "<group>";
		};
		7756F2E6290136F100F22B4C /* SignIn */ = {
			isa = PBXGroup;
			children = (
			);
			path = SignIn;
			sourceTree = "<group>";
		};
		7756F2EB2902172900F22B4C /* SignUp */ = {
			isa = PBXGroup;
			children = (
				77F0724229192514007FE1DD /* Nickname */,
				77F072412919250E007FE1DD /* Pw */,
				77F07240291924F6007FE1DD /* Id */,
			);
			path = SignUp;
			sourceTree = "<group>";
		};
		7756F2EC2902175100F22B4C /* View */ = {
			isa = PBXGroup;
			children = (
				7756F2EF2902178E00F22B4C /* SignUpViewController.swift */,
			);
			path = View;
			sourceTree = "<group>";
		};
		7756F2ED2902175900F22B4C /* ViewModel */ = {
			isa = PBXGroup;
			children = (
				772FF6B2290803760043C187 /* SignUpViewModel.swift */,
			);
			path = ViewModel;
			sourceTree = "<group>";
		};
		7756F2EE2902176600F22B4C /* App */ = {
			isa = PBXGroup;
			children = (
				772FF6AF29022A040043C187 /* Base */,
				7756F2EB2902172900F22B4C /* SignUp */,
				7756F2DF2901351700F22B4C /* SignIn */,
				7756F2DE290134F200F22B4C /* Intro */,
			);
			path = App;
			sourceTree = "<group>";
		};
		779AC8A728E96029006C4ACE /* font */ = {
			isa = PBXGroup;
			children = (
				779AC8AC28E96038006C4ACE /* Pretendard-Black.ttf */,
				779AC8B028E96038006C4ACE /* Pretendard-Bold.ttf */,
				779AC8A828E96037006C4ACE /* Pretendard-ExtraBold.ttf */,
				779AC8AF28E96038006C4ACE /* Pretendard-ExtraLight.ttf */,
				779AC8AB28E96038006C4ACE /* Pretendard-Light.ttf */,
				779AC8AE28E96038006C4ACE /* Pretendard-Medium.ttf */,
				779AC8A928E96038006C4ACE /* Pretendard-Regular.ttf */,
				779AC8AD28E96038006C4ACE /* Pretendard-SemiBold.ttf */,
				779AC8AA28E96038006C4ACE /* Pretendard-Thin.ttf */,
			);
			path = font;
			sourceTree = "<group>";
		};
		77F07240291924F6007FE1DD /* Id */ = {
			isa = PBXGroup;
			children = (
				7756F2ED2902175900F22B4C /* ViewModel */,
				7756F2EC2902175100F22B4C /* View */,
			);
			path = Id;
			sourceTree = "<group>";
		};
		77F072412919250E007FE1DD /* Pw */ = {
			isa = PBXGroup;
			children = (
				77F0724829192555007FE1DD /* ViewModel */,
				77F072472919254B007FE1DD /* View */,
			);
			path = Pw;
			sourceTree = "<group>";
		};
		77F0724229192514007FE1DD /* Nickname */ = {
			isa = PBXGroup;
			children = (
				77F0724A291925B9007FE1DD /* ViewModel */,
				77F07249291925B2007FE1DD /* View */,
			);
			path = Nickname;
			sourceTree = "<group>";
		};
		77F072472919254B007FE1DD /* View */ = {
			isa = PBXGroup;
			children = (
				77F0724329192537007FE1DD /* SignUpPWViewController.swift */,
			);
			path = View;
			sourceTree = "<group>";
		};
		77F0724829192555007FE1DD /* ViewModel */ = {
			isa = PBXGroup;
			children = (
				77F0724529192547007FE1DD /* SignUpPWViewModel.swift */,
			);
			path = ViewModel;
			sourceTree = "<group>";
		};
		77F07249291925B2007FE1DD /* View */ = {
			isa = PBXGroup;
			children = (
				77F0724D291925EC007FE1DD /* SignUpNicknameViewController.swift */,
			);
			name = View;
			path = "퍋ㅈ";
			sourceTree = "<group>";
		};
		77F0724A291925B9007FE1DD /* ViewModel */ = {
			isa = PBXGroup;
			children = (
				77F0724F291925F9007FE1DD /* SignUpNicknameViewModel.swift */,
			);
			path = ViewModel;
			sourceTree = "<group>";
		};
		77F13A88290F9EC600F7354A /* Protocol */ = {
			isa = PBXGroup;
			children = (
				77F13A86290F6F7900F7354A /* ViewModelProtocol.swift */,
			);
			path = Protocol;
			sourceTree = "<group>";
		};
/* End PBXGroup section */

/* Begin PBXNativeTarget section */
		7743A40F28BE07260089B473 /* Paper */ = {
			isa = PBXNativeTarget;
			buildConfigurationList = 7743A42428BE07280089B473 /* Build configuration list for PBXNativeTarget "Paper" */;
			buildPhases = (
				7743A40C28BE07260089B473 /* Sources */,
				7743A40D28BE07260089B473 /* Frameworks */,
				7743A40E28BE07260089B473 /* Resources */,
			);
			buildRules = (
			);
			dependencies = (
			);
			name = Paper;
			packageProductDependencies = (
				779AC88B28E8E6EE006C4ACE /* SnapKit */,
				779AC88E28E8E6FB006C4ACE /* Then */,
				779AC89128E8E764006C4ACE /* Moya */,
				7756F2DA2900E88B00F22B4C /* RxCocoa */,
				7756F2DC2900E88B00F22B4C /* RxSwift */,
				77F0723C2918F67C007FE1DD /* Lottie */,
			);
			productName = Paper;
			productReference = 7743A41028BE07260089B473 /* Paper.app */;
			productType = "com.apple.product-type.application";
		};
/* End PBXNativeTarget section */

/* Begin PBXProject section */
		7743A40828BE07260089B473 /* Project object */ = {
			isa = PBXProject;
			attributes = {
				BuildIndependentTargetsInParallel = 1;
				LastSwiftUpdateCheck = 1340;
				LastUpgradeCheck = 1340;
				TargetAttributes = {
					7743A40F28BE07260089B473 = {
						CreatedOnToolsVersion = 13.4.1;
					};
				};
			};
			buildConfigurationList = 7743A40B28BE07260089B473 /* Build configuration list for PBXProject "Paper" */;
			compatibilityVersion = "Xcode 13.0";
			developmentRegion = en;
			hasScannedForEncodings = 0;
			knownRegions = (
				en,
				Base,
			);
			mainGroup = 7743A40728BE07260089B473;
			packageReferences = (
				779AC88A28E8E6EE006C4ACE /* XCRemoteSwiftPackageReference "SnapKit" */,
				779AC88D28E8E6FB006C4ACE /* XCRemoteSwiftPackageReference "Then" */,
				779AC89028E8E764006C4ACE /* XCRemoteSwiftPackageReference "Moya" */,
				7756F2D92900E88B00F22B4C /* XCRemoteSwiftPackageReference "RxSwift" */,
				77F0723B2918F67C007FE1DD /* XCRemoteSwiftPackageReference "lottie-ios" */,
			);
			productRefGroup = 7743A41128BE07260089B473 /* Products */;
			projectDirPath = "";
			projectRoot = "";
			targets = (
				7743A40F28BE07260089B473 /* Paper */,
			);
		};
/* End PBXProject section */

/* Begin PBXResourcesBuildPhase section */
		7743A40E28BE07260089B473 /* Resources */ = {
			isa = PBXResourcesBuildPhase;
			buildActionMask = 2147483647;
			files = (
				779AC8B828E976BD006C4ACE /* Pretendard-Medium.ttf in Resources */,
				7743A42028BE07280089B473 /* LaunchScreen.storyboard in Resources */,
				779AC8BA28E976C2006C4ACE /* Pretendard-SemiBold.ttf in Resources */,
				779AC8B328E976AE006C4ACE /* Pretendard-Bold.ttf in Resources */,
				779AC8B528E976B5006C4ACE /* Pretendard-ExtraBold.ttf in Resources */,
				779AC8B628E976B8006C4ACE /* Pretendard-ExtraLight.ttf in Resources */,
				77F0723F29191EC0007FE1DD /* SignUpEmoji.json in Resources */,
				779AC8B928E976BF006C4ACE /* Pretendard-Regular.ttf in Resources */,
				7743A41D28BE07280089B473 /* Assets.xcassets in Resources */,
				779AC8BB28E976C4006C4ACE /* Pretendard-Thin.ttf in Resources */,
				779AC8B428E976B1006C4ACE /* Pretendard-Black.ttf in Resources */,
				779AC8B728E976BA006C4ACE /* Pretendard-Light.ttf in Resources */,
			);
			runOnlyForDeploymentPostprocessing = 0;
		};
/* End PBXResourcesBuildPhase section */

/* Begin PBXSourcesBuildPhase section */
		7743A40C28BE07260089B473 /* Sources */ = {
			isa = PBXSourcesBuildPhase;
			buildActionMask = 2147483647;
			files = (
				7756F2E22901354500F22B4C /* SignInViewController.swift in Sources */,
				7726D1682918C4C800EFC325 /* UINavigation.swift in Sources */,
				77F072372918F1CD007FE1DD /* GlogColor.swift in Sources */,
				7743A41828BE07260089B473 /* IntroViewController.swift in Sources */,
				77F0724E291925EC007FE1DD /* SignUpNicknameViewController.swift in Sources */,
				77F072392918F22F007FE1DD /* PageUI.swift in Sources */,
				77F0724429192537007FE1DD /* SignUpPWViewController.swift in Sources */,
				772FF6AE29021C4B0043C187 /* IntroCoordinator.swift in Sources */,
				7743A41428BE07260089B473 /* AppDelegate.swift in Sources */,
				77F13A87290F6F7900F7354A /* ViewModelProtocol.swift in Sources */,
				77F0724629192547007FE1DD /* SignUpPWViewModel.swift in Sources */,
				772FF6B129022A130043C187 /* BaseViewController.swift in Sources */,
				77F59A0A290A841A0096FA36 /* BaseViewModel.swift in Sources */,
				7756F2D328FFEBB500F22B4C /* Coordinator.swift in Sources */,
				7756F2F02902178E00F22B4C /* SignUpViewController.swift in Sources */,
				7726D1662918C28200EFC325 /* UIView+glogGradient.swift in Sources */,
				7743A41628BE07260089B473 /* SceneDelegate.swift in Sources */,
				772FF6B52908038B0043C187 /* SignInViewModel.swift in Sources */,
				772FF6B3290803760043C187 /* SignUpViewModel.swift in Sources */,
				77F07250291925F9007FE1DD /* SignUpNicknameViewModel.swift in Sources */,
				779AC89428E959DD006C4ACE /* IntroViewModel.swift in Sources */,
			);
			runOnlyForDeploymentPostprocessing = 0;
		};
/* End PBXSourcesBuildPhase section */

/* Begin PBXVariantGroup section */
		7743A41E28BE07280089B473 /* LaunchScreen.storyboard */ = {
			isa = PBXVariantGroup;
			children = (
				7743A41F28BE07280089B473 /* Base */,
			);
			name = LaunchScreen.storyboard;
			sourceTree = "<group>";
		};
/* End PBXVariantGroup section */

/* Begin XCBuildConfiguration section */
		7743A42228BE07280089B473 /* Debug */ = {
			isa = XCBuildConfiguration;
			buildSettings = {
				ALWAYS_SEARCH_USER_PATHS = NO;
				CLANG_ANALYZER_NONNULL = YES;
				CLANG_ANALYZER_NUMBER_OBJECT_CONVERSION = YES_AGGRESSIVE;
				CLANG_CXX_LANGUAGE_STANDARD = "gnu++17";
				CLANG_ENABLE_MODULES = YES;
				CLANG_ENABLE_OBJC_ARC = YES;
				CLANG_ENABLE_OBJC_WEAK = YES;
				CLANG_WARN_BLOCK_CAPTURE_AUTORELEASING = YES;
				CLANG_WARN_BOOL_CONVERSION = YES;
				CLANG_WARN_COMMA = YES;
				CLANG_WARN_CONSTANT_CONVERSION = YES;
				CLANG_WARN_DEPRECATED_OBJC_IMPLEMENTATIONS = YES;
				CLANG_WARN_DIRECT_OBJC_ISA_USAGE = YES_ERROR;
				CLANG_WARN_DOCUMENTATION_COMMENTS = YES;
				CLANG_WARN_EMPTY_BODY = YES;
				CLANG_WARN_ENUM_CONVERSION = YES;
				CLANG_WARN_INFINITE_RECURSION = YES;
				CLANG_WARN_INT_CONVERSION = YES;
				CLANG_WARN_NON_LITERAL_NULL_CONVERSION = YES;
				CLANG_WARN_OBJC_IMPLICIT_RETAIN_SELF = YES;
				CLANG_WARN_OBJC_LITERAL_CONVERSION = YES;
				CLANG_WARN_OBJC_ROOT_CLASS = YES_ERROR;
				CLANG_WARN_QUOTED_INCLUDE_IN_FRAMEWORK_HEADER = YES;
				CLANG_WARN_RANGE_LOOP_ANALYSIS = YES;
				CLANG_WARN_STRICT_PROTOTYPES = YES;
				CLANG_WARN_SUSPICIOUS_MOVE = YES;
				CLANG_WARN_UNGUARDED_AVAILABILITY = YES_AGGRESSIVE;
				CLANG_WARN_UNREACHABLE_CODE = YES;
				CLANG_WARN__DUPLICATE_METHOD_MATCH = YES;
				COPY_PHASE_STRIP = NO;
				DEBUG_INFORMATION_FORMAT = dwarf;
				ENABLE_STRICT_OBJC_MSGSEND = YES;
				ENABLE_TESTABILITY = YES;
				GCC_C_LANGUAGE_STANDARD = gnu11;
				GCC_DYNAMIC_NO_PIC = NO;
				GCC_NO_COMMON_BLOCKS = YES;
				GCC_OPTIMIZATION_LEVEL = 0;
				GCC_PREPROCESSOR_DEFINITIONS = (
					"DEBUG=1",
					"$(inherited)",
				);
				GCC_WARN_64_TO_32_BIT_CONVERSION = YES;
				GCC_WARN_ABOUT_RETURN_TYPE = YES_ERROR;
				GCC_WARN_UNDECLARED_SELECTOR = YES;
				GCC_WARN_UNINITIALIZED_AUTOS = YES_AGGRESSIVE;
				GCC_WARN_UNUSED_FUNCTION = YES;
				GCC_WARN_UNUSED_VARIABLE = YES;
				IPHONEOS_DEPLOYMENT_TARGET = 15.5;
				MTL_ENABLE_DEBUG_INFO = INCLUDE_SOURCE;
				MTL_FAST_MATH = YES;
				ONLY_ACTIVE_ARCH = YES;
				SDKROOT = iphoneos;
				SWIFT_ACTIVE_COMPILATION_CONDITIONS = DEBUG;
				SWIFT_OPTIMIZATION_LEVEL = "-Onone";
			};
			name = Debug;
		};
		7743A42328BE07280089B473 /* Release */ = {
			isa = XCBuildConfiguration;
			buildSettings = {
				ALWAYS_SEARCH_USER_PATHS = NO;
				CLANG_ANALYZER_NONNULL = YES;
				CLANG_ANALYZER_NUMBER_OBJECT_CONVERSION = YES_AGGRESSIVE;
				CLANG_CXX_LANGUAGE_STANDARD = "gnu++17";
				CLANG_ENABLE_MODULES = YES;
				CLANG_ENABLE_OBJC_ARC = YES;
				CLANG_ENABLE_OBJC_WEAK = YES;
				CLANG_WARN_BLOCK_CAPTURE_AUTORELEASING = YES;
				CLANG_WARN_BOOL_CONVERSION = YES;
				CLANG_WARN_COMMA = YES;
				CLANG_WARN_CONSTANT_CONVERSION = YES;
				CLANG_WARN_DEPRECATED_OBJC_IMPLEMENTATIONS = YES;
				CLANG_WARN_DIRECT_OBJC_ISA_USAGE = YES_ERROR;
				CLANG_WARN_DOCUMENTATION_COMMENTS = YES;
				CLANG_WARN_EMPTY_BODY = YES;
				CLANG_WARN_ENUM_CONVERSION = YES;
				CLANG_WARN_INFINITE_RECURSION = YES;
				CLANG_WARN_INT_CONVERSION = YES;
				CLANG_WARN_NON_LITERAL_NULL_CONVERSION = YES;
				CLANG_WARN_OBJC_IMPLICIT_RETAIN_SELF = YES;
				CLANG_WARN_OBJC_LITERAL_CONVERSION = YES;
				CLANG_WARN_OBJC_ROOT_CLASS = YES_ERROR;
				CLANG_WARN_QUOTED_INCLUDE_IN_FRAMEWORK_HEADER = YES;
				CLANG_WARN_RANGE_LOOP_ANALYSIS = YES;
				CLANG_WARN_STRICT_PROTOTYPES = YES;
				CLANG_WARN_SUSPICIOUS_MOVE = YES;
				CLANG_WARN_UNGUARDED_AVAILABILITY = YES_AGGRESSIVE;
				CLANG_WARN_UNREACHABLE_CODE = YES;
				CLANG_WARN__DUPLICATE_METHOD_MATCH = YES;
				COPY_PHASE_STRIP = NO;
				DEBUG_INFORMATION_FORMAT = "dwarf-with-dsym";
				ENABLE_NS_ASSERTIONS = NO;
				ENABLE_STRICT_OBJC_MSGSEND = YES;
				GCC_C_LANGUAGE_STANDARD = gnu11;
				GCC_NO_COMMON_BLOCKS = YES;
				GCC_WARN_64_TO_32_BIT_CONVERSION = YES;
				GCC_WARN_ABOUT_RETURN_TYPE = YES_ERROR;
				GCC_WARN_UNDECLARED_SELECTOR = YES;
				GCC_WARN_UNINITIALIZED_AUTOS = YES_AGGRESSIVE;
				GCC_WARN_UNUSED_FUNCTION = YES;
				GCC_WARN_UNUSED_VARIABLE = YES;
				IPHONEOS_DEPLOYMENT_TARGET = 15.5;
				MTL_ENABLE_DEBUG_INFO = NO;
				MTL_FAST_MATH = YES;
				SDKROOT = iphoneos;
				SWIFT_COMPILATION_MODE = wholemodule;
				SWIFT_OPTIMIZATION_LEVEL = "-O";
				VALIDATE_PRODUCT = YES;
			};
			name = Release;
		};
		7743A42528BE07280089B473 /* Debug */ = {
			isa = XCBuildConfiguration;
			buildSettings = {
				ASSETCATALOG_COMPILER_APPICON_NAME = AppIcon;
				ASSETCATALOG_COMPILER_GLOBAL_ACCENT_COLOR_NAME = AccentColor;
				CODE_SIGN_STYLE = Automatic;
				CURRENT_PROJECT_VERSION = 1;
				GENERATE_INFOPLIST_FILE = YES;
				INFOPLIST_FILE = Paper/Info.plist;
				INFOPLIST_KEY_UIApplicationSupportsIndirectInputEvents = YES;
				INFOPLIST_KEY_UILaunchStoryboardName = LaunchScreen;
				INFOPLIST_KEY_UISupportedInterfaceOrientations_iPad = "UIInterfaceOrientationPortrait UIInterfaceOrientationPortraitUpsideDown UIInterfaceOrientationLandscapeLeft UIInterfaceOrientationLandscapeRight";
				INFOPLIST_KEY_UISupportedInterfaceOrientations_iPhone = "UIInterfaceOrientationPortrait UIInterfaceOrientationLandscapeLeft UIInterfaceOrientationLandscapeRight";
				LD_RUNPATH_SEARCH_PATHS = (
					"$(inherited)",
					"@executable_path/Frameworks",
				);
				MARKETING_VERSION = 1.0;
				PRODUCT_BUNDLE_IDENTIFIER = Minjae.Paper;
				PRODUCT_NAME = "$(TARGET_NAME)";
				SWIFT_EMIT_LOC_STRINGS = YES;
				SWIFT_VERSION = 5.0;
				TARGETED_DEVICE_FAMILY = "1,2";
			};
			name = Debug;
		};
		7743A42628BE07280089B473 /* Release */ = {
			isa = XCBuildConfiguration;
			buildSettings = {
				ASSETCATALOG_COMPILER_APPICON_NAME = AppIcon;
				ASSETCATALOG_COMPILER_GLOBAL_ACCENT_COLOR_NAME = AccentColor;
				CODE_SIGN_STYLE = Automatic;
				CURRENT_PROJECT_VERSION = 1;
				GENERATE_INFOPLIST_FILE = YES;
				INFOPLIST_FILE = Paper/Info.plist;
				INFOPLIST_KEY_UIApplicationSupportsIndirectInputEvents = YES;
				INFOPLIST_KEY_UILaunchStoryboardName = LaunchScreen;
				INFOPLIST_KEY_UISupportedInterfaceOrientations_iPad = "UIInterfaceOrientationPortrait UIInterfaceOrientationPortraitUpsideDown UIInterfaceOrientationLandscapeLeft UIInterfaceOrientationLandscapeRight";
				INFOPLIST_KEY_UISupportedInterfaceOrientations_iPhone = "UIInterfaceOrientationPortrait UIInterfaceOrientationLandscapeLeft UIInterfaceOrientationLandscapeRight";
				LD_RUNPATH_SEARCH_PATHS = (
					"$(inherited)",
					"@executable_path/Frameworks",
				);
				MARKETING_VERSION = 1.0;
				PRODUCT_BUNDLE_IDENTIFIER = Minjae.Paper;
				PRODUCT_NAME = "$(TARGET_NAME)";
				SWIFT_EMIT_LOC_STRINGS = YES;
				SWIFT_VERSION = 5.0;
				TARGETED_DEVICE_FAMILY = "1,2";
			};
			name = Release;
		};
/* End XCBuildConfiguration section */

/* Begin XCConfigurationList section */
		7743A40B28BE07260089B473 /* Build configuration list for PBXProject "Paper" */ = {
			isa = XCConfigurationList;
			buildConfigurations = (
				7743A42228BE07280089B473 /* Debug */,
				7743A42328BE07280089B473 /* Release */,
			);
			defaultConfigurationIsVisible = 0;
			defaultConfigurationName = Release;
		};
		7743A42428BE07280089B473 /* Build configuration list for PBXNativeTarget "Paper" */ = {
			isa = XCConfigurationList;
			buildConfigurations = (
				7743A42528BE07280089B473 /* Debug */,
				7743A42628BE07280089B473 /* Release */,
			);
			defaultConfigurationIsVisible = 0;
			defaultConfigurationName = Release;
		};
/* End XCConfigurationList section */

/* Begin XCRemoteSwiftPackageReference section */
		7756F2D92900E88B00F22B4C /* XCRemoteSwiftPackageReference "RxSwift" */ = {
			isa = XCRemoteSwiftPackageReference;
			repositoryURL = "https://github.com/ReactiveX/RxSwift";
			requirement = {
				branch = main;
				kind = branch;
			};
		};
		779AC88A28E8E6EE006C4ACE /* XCRemoteSwiftPackageReference "SnapKit" */ = {
			isa = XCRemoteSwiftPackageReference;
			repositoryURL = "https://github.com/SnapKit/SnapKit";
			requirement = {
				branch = develop;
				kind = branch;
			};
		};
		779AC88D28E8E6FB006C4ACE /* XCRemoteSwiftPackageReference "Then" */ = {
			isa = XCRemoteSwiftPackageReference;
			repositoryURL = "https://github.com/devxoul/Then";
			requirement = {
				branch = master;
				kind = branch;
			};
		};
		779AC89028E8E764006C4ACE /* XCRemoteSwiftPackageReference "Moya" */ = {
			isa = XCRemoteSwiftPackageReference;
			repositoryURL = "https://github.com/Moya/Moya";
			requirement = {
				branch = master;
				kind = branch;
			};
		};
		77F0723B2918F67C007FE1DD /* XCRemoteSwiftPackageReference "lottie-ios" */ = {
			isa = XCRemoteSwiftPackageReference;
			repositoryURL = "https://github.com/airbnb/lottie-ios";
			requirement = {
				branch = master;
				kind = branch;
			};
		};
/* End XCRemoteSwiftPackageReference section */

/* Begin XCSwiftPackageProductDependency section */
		7756F2DA2900E88B00F22B4C /* RxCocoa */ = {
			isa = XCSwiftPackageProductDependency;
			package = 7756F2D92900E88B00F22B4C /* XCRemoteSwiftPackageReference "RxSwift" */;
			productName = RxCocoa;
		};
		7756F2DC2900E88B00F22B4C /* RxSwift */ = {
			isa = XCSwiftPackageProductDependency;
			package = 7756F2D92900E88B00F22B4C /* XCRemoteSwiftPackageReference "RxSwift" */;
			productName = RxSwift;
		};
		779AC88B28E8E6EE006C4ACE /* SnapKit */ = {
			isa = XCSwiftPackageProductDependency;
			package = 779AC88A28E8E6EE006C4ACE /* XCRemoteSwiftPackageReference "SnapKit" */;
			productName = SnapKit;
		};
		779AC88E28E8E6FB006C4ACE /* Then */ = {
			isa = XCSwiftPackageProductDependency;
			package = 779AC88D28E8E6FB006C4ACE /* XCRemoteSwiftPackageReference "Then" */;
			productName = Then;
		};
		779AC89128E8E764006C4ACE /* Moya */ = {
			isa = XCSwiftPackageProductDependency;
			package = 779AC89028E8E764006C4ACE /* XCRemoteSwiftPackageReference "Moya" */;
			productName = Moya;
		};
		77F0723C2918F67C007FE1DD /* Lottie */ = {
			isa = XCSwiftPackageProductDependency;
			package = 77F0723B2918F67C007FE1DD /* XCRemoteSwiftPackageReference "lottie-ios" */;
			productName = Lottie;
		};
/* End XCSwiftPackageProductDependency section */
	};
	rootObject = 7743A40828BE07260089B473 /* Project object */;
}
